
Microsoft Visual Studio Solution File, Format Version 12.00
# Visual Studio Version 17
VisualStudioVersion = 17.3.32819.101
MinimumVisualStudioVersion = 10.0.40219.1
Project("{2150E333-8FDC-42A3-9474-1A3956D46DE8}") = "src", "src", "{2F400E68-E51D-487A-84D6-E6AE16F4C592}"
EndProject
Project("{9A19103F-16F7-4668-BE54-9A1E7A4F7556}") = "Blazor.Server.Playground", "src\Blazor.Server.Playground\Blazor.Server.Playground.csproj", "{9FA3D8F6-7F5C-40CD-BC10-53BABFEB3BE3}"
EndProject
Global
	GlobalSection(SolutionConfigurationPlatforms) = preSolution
		Debug|Any CPU = Debug|Any CPU
		Release|Any CPU = Release|Any CPU
	EndGlobalSection
	GlobalSection(ProjectConfigurationPlatforms) = postSolution
		{9FA3D8F6-7F5C-40CD-BC10-53BABFEB3BE3}.Debug|Any CPU.ActiveCfg = Debug|Any CPU
		{9FA3D8F6-7F5C-40CD-BC10-53BABFEB3BE3}.Debug|Any CPU.Build.0 = Debug|Any CPU
		{9FA3D8F6-7F5C-40CD-BC10-53BABFEB3BE3}.Release|Any CPU.ActiveCfg = Release|Any CPU
		{9FA3D8F6-7F5C-40CD-BC10-53BABFEB3BE3}.Release|Any CPU.Build.0 = Release|Any CPU
	EndGlobalSection
	GlobalSection(SolutionProperties) = preSolution
		HideSolutionNode = FALSE
	EndGlobalSection
	GlobalSection(NestedProjects) = preSolution
		{9FA3D8F6-7F5C-40CD-BC10-53BABFEB3BE3} = {2F400E68-E51D-487A-84D6-E6AE16F4C592}
	EndGlobalSection
	GlobalSection(ExtensibilityGlobals) = postSolution
		SolutionGuid = {91DD0C32-4DA7-488C-9226-7889277F3E63}
	EndGlobalSection
EndGlobal
